lockfileVersion: '9.0'

settings:
  autoInstallPeers: true
  excludeLinksFromLockfile: false

importers:

  .:
    dependencies:
      graphql:
        specifier: ^16.10.0
        version: 16.10.0
      graphql-upload:
        specifier: ^17.0.0
        version: 17.0.0(@types/express@5.0.1)(@types/koa@2.15.0)(graphql@16.10.0)
    devDependencies:
      '@types/graphql-upload':
        specifier: ^17.0.0
        version: 17.0.0

packages:

  '@types/accepts@1.3.7':
    resolution: {integrity: sha512-Pay9fq2lM2wXPWbteBsRAGiWH2hig4ZE2asK+mm7kUzlxRTfL961rj89I6zV/E3PcIkDqyuBEcMxFT7rccugeQ==}

  '@types/body-parser@1.19.5':
    resolution: {integrity: sha512-fB3Zu92ucau0iQ0JMCFQE7b/dv8Ot07NI3KaZIkIUNXq82k4eBAqUaneXfleGY9JWskeS9y+u0nXMyspcuQrCg==}

  '@types/busboy@1.5.4':
    resolution: {integrity: sha512-kG7WrUuAKK0NoyxfQHsVE6j1m01s6kMma64E+OZenQABMQyTJop1DumUWcLwAQ2JzpefU7PDYoRDKl8uZosFjw==}

  '@types/connect@3.4.38':
    resolution: {integrity: sha512-K6uROf1LD88uDQqJCktA4yzL1YYAK6NgfsI0v/mTgyPKWsX1CnJ0XPSDhViejru1GcRkLWb8RlzFYJRqGUbaug==}

  '@types/content-disposition@0.5.8':
    resolution: {integrity: sha512-QVSSvno3dE0MgO76pJhmv4Qyi/j0Yk9pBp0Y7TJ2Tlj+KCgJWY6qX7nnxCOLkZ3VYRSIk1WTxCvwUSdx6CCLdg==}

  '@types/cookies@0.9.0':
    resolution: {integrity: sha512-40Zk8qR147RABiQ7NQnBzWzDcjKzNrntB5BAmeGCb2p/MIyOE+4BVvc17wumsUqUw00bJYqoXFHYygQnEFh4/Q==}

  '@types/express-serve-static-core@5.0.6':
    resolution: {integrity: sha512-3xhRnjJPkULekpSzgtoNYYcTWgEZkp4myc+Saevii5JPnHNvHMRlBSHDbs7Bh1iPPoVTERHEZXyhyLbMEsExsA==}

  '@types/express@5.0.1':
    resolution: {integrity: sha512-UZUw8vjpWFXuDnjFTh7/5c2TWDlQqeXHi6hcN7F2XSVT5P+WmUnnbFS3KA6Jnc6IsEqI2qCVu2bK0R0J4A8ZQQ==}

  '@types/graphql-upload@17.0.0':
    resolution: {integrity: sha512-2ccZtgR7o43PultV3asCeqHZxFnAbtBA7nZ4slEMSaf3fN9yWI11HtZvRuN3LK0Qcdnzj2YeXzBYwbI8WGqhUw==}

  '@types/http-assert@1.5.6':
    resolution: {integrity: sha512-TTEwmtjgVbYAzZYWyeHPrrtWnfVkm8tQkP8P21uQifPgMRgjrow3XDEYqucuC8SKZJT7pUnhU/JymvjggxO9vw==}

  '@types/http-errors@2.0.4':
    resolution: {integrity: sha512-D0CFMMtydbJAegzOyHjtiKPLlvnm3iTZyZRSZoLq2mRhDdmLfIWOCYPfQJ4cu2erKghU++QvjcUjp/5h7hESpA==}

  '@types/keygrip@1.0.6':
    resolution: {integrity: sha512-lZuNAY9xeJt7Bx4t4dx0rYCDqGPW8RXhQZK1td7d4H6E9zYbLoOtjBvfwdTKpsyxQI/2jv+armjX/RW+ZNpXOQ==}

  '@types/koa-compose@3.2.8':
    resolution: {integrity: sha512-4Olc63RY+MKvxMwVknCUDhRQX1pFQoBZ/lXcRLP69PQkEpze/0cr8LNqJQe5NFb/b19DWi2a5bTi2VAlQzhJuA==}

  '@types/koa@2.15.0':
    resolution: {integrity: sha512-7QFsywoE5URbuVnG3loe03QXuGajrnotr3gQkXcEBShORai23MePfFYdhz90FEtBBpkyIYQbVD+evKtloCgX3g==}

  '@types/mime@1.3.5':
    resolution: {integrity: sha512-/pyBZWSLD2n0dcHE3hq8s8ZvcETHtEuF+3E7XVt0Ig2nvsVQXdghHVcEkIWjy9A0wKfTn97a/PSDYohKIlnP/w==}

  '@types/node@22.15.0':
    resolution: {integrity: sha512-99S8dWD2DkeE6PBaEDw+In3aar7hdoBvjyJMR6vaKBTzpvR0P00ClzJMOoVrj9D2+Sy/YCwACYHnBTpMhg1UCA==}

  '@types/object-path@0.11.4':
    resolution: {integrity: sha512-4tgJ1Z3elF/tOMpA8JLVuR9spt9Ynsf7+JjqsQ2IqtiPJtcLoHoXcT6qU4E10cPFqyXX5HDm9QwIzZhBSkLxsw==}

  '@types/qs@6.9.18':
    resolution: {integrity: sha512-kK7dgTYDyGqS+e2Q4aK9X3D7q234CIZ1Bv0q/7Z5IwRDoADNU81xXJK/YVyLbLTZCoIwUoDoffFeF+p/eIklAA==}

  '@types/range-parser@1.2.7':
    resolution: {integrity: sha512-hKormJbkJqzQGhziax5PItDUTMAM9uE2XXQmM37dyd4hVM+5aVl7oVxMVUiVQn2oCQFN/LKCZdvSM0pFRqbSmQ==}

  '@types/send@0.17.4':
    resolution: {integrity: sha512-x2EM6TJOybec7c52BX0ZspPodMsQUd5L6PRwOunVyVUhXiBSKf3AezDL8Dgvgt5o0UfKNfuA0eMLr2wLT4AiBA==}

  '@types/serve-static@1.15.7':
    resolution: {integrity: sha512-W8Ym+h8nhuRwaKPaDw34QUkwsGi6Rc4yYqvKFo5rm2FUEhCFbzVWrxXUxuKK8TASjWsysJY0nsmNCGhCOIsrOw==}

  busboy@1.6.0:
    resolution: {integrity: sha512-8SFQbg/0hQ9xy3UNTB0YEnsNBbWfhf7RtnzpL7TkBiTBRfrQ9Fxcnz7VJsleJpyp6rVLvXiuORqjlHi5q+PYuA==}
    engines: {node: '>=10.16.0'}

  depd@2.0.0:
    resolution: {integrity: sha512-g7nH6P6dyDioJogAAGprGpCtVImJhpPk/roCzdb3fIh61/s/nPsfR6onyMwkCAR/OlC3yBC0lESvUoQEAssIrw==}
    engines: {node: '>= 0.8'}

  fs-capacitor@8.0.0:
    resolution: {integrity: sha512-+Lk6iSKajdGw+7XYxUkwIzreJ2G1JFlYOdnKJv5PzwFLVsoJYBpCuS7WPIUSNT1IbQaEWT1nhYU63Ud03DyzLA==}
    engines: {node: ^14.17.0 || >=16.0.0}

  graphql-upload@17.0.0:
    resolution: {integrity: sha512-AI42S1UR1mdqg+LQ7KqGbrgcf4l9gpPu/R0drM4vSA5C94NfIjYyCeCdpktEledvZoAL8JURLLeB53++WACo1w==}
    engines: {node: ^18.18.0 || ^20.9.0 || >=22.0.0}
    peerDependencies:
      '@types/express': 4.0.29 - 5
      '@types/koa': ^2.11.4
      graphql: ^16.3.0
    peerDependenciesMeta:
      '@types/express':
        optional: true
      '@types/koa':
        optional: true

  graphql@16.10.0:
    resolution: {integrity: sha512-AjqGKbDGUFRKIRCP9tCKiIGHyriz2oHEbPIbEtcSLSs4YjReZOIPQQWek4+6hjw62H9QShXHyaGivGiYVLeYFQ==}
    engines: {node: ^12.22.0 || ^14.16.0 || ^16.0.0 || >=17.0.0}

  http-errors@2.0.0:
    resolution: {integrity: sha512-FtwrG/euBzaEjYeRqOgly7G0qviiXoJWnvEH2Z1plBdXgbyjv34pHTSb9zoeHMyDy33+DWy5Wt9Wo+TURtOYSQ==}
    engines: {node: '>= 0.8'}

  inherits@2.0.4:
    resolution: {integrity: sha512-k/vGaX4/Yla3WzyMCvTQOXYeIHvqOKtnqBduzTHpzpQZzAskKMhZ2K+EnBiSM9zGSoIFeMpXKxa4dYeZIQqewQ==}

  object-path@0.11.8:
    resolution: {integrity: sha512-YJjNZrlXJFM42wTBn6zgOJVar9KFJvzx6sTWDte8sWZF//cnjl0BxHNpfZx+ZffXX63A9q0b1zsFiBX4g4X5KA==}
    engines: {node: '>= 10.12.0'}

  setprototypeof@1.2.0:
    resolution: {integrity: sha512-E5LDX7Wrp85Kil5bhZv46j8jOeboKq5JMmYM3gVGdGH8xFpPWXUMsNrlODCrkoxMEeNi/XZIwuRvY4XNwYMJpw==}

  statuses@2.0.1:
    resolution: {integrity: sha512-RwNA9Z/7PrK06rYLIzFMlaF+l73iwpzsqRIFgbMLbTcLD6cOao82TaWefPXQvB2fOC4AjuYSEndS7N/mTCbkdQ==}
    engines: {node: '>= 0.8'}

  streamsearch@1.1.0:
    resolution: {integrity: sha512-Mcc5wHehp9aXz1ax6bZUyY5afg9u2rv5cqQI3mRrYkGC8rW2hM02jWuwjtL++LS5qinSyhj2QfLyNsuc+VsExg==}
    engines: {node: '>=10.0.0'}

  toidentifier@1.0.1:
    resolution: {integrity: sha512-o5sSPKEkg/DIQNmH43V0/uerLrpzVedkUh8tGNvaeXpfpuwjKenlSox/2O/BTlZUtEe+JG7s5YhEz608PlAHRA==}
    engines: {node: '>=0.6'}

  undici-types@6.21.0:
    resolution: {integrity: sha512-iwDZqg0QAGrg9Rav5H4n0M64c3mkR59cJ6wQp+7C4nI0gsmExaedaYLNO44eT4AtBBwjbTiGPMlt2Md0T9H9JQ==}

snapshots:

  '@types/accepts@1.3.7':
    dependencies:
      '@types/node': 22.15.0

  '@types/body-parser@1.19.5':
    dependencies:
      '@types/connect': 3.4.38
      '@types/node': 22.15.0

  '@types/busboy@1.5.4':
    dependencies:
      '@types/node': 22.15.0

  '@types/connect@3.4.38':
    dependencies:
      '@types/node': 22.15.0

  '@types/content-disposition@0.5.8': {}

  '@types/cookies@0.9.0':
    dependencies:
      '@types/connect': 3.4.38
      '@types/express': 5.0.1
      '@types/keygrip': 1.0.6
      '@types/node': 22.15.0

  '@types/express-serve-static-core@5.0.6':
    dependencies:
      '@types/node': 22.15.0
      '@types/qs': 6.9.18
      '@types/range-parser': 1.2.7
      '@types/send': 0.17.4

  '@types/express@5.0.1':
    dependencies:
      '@types/body-parser': 1.19.5
      '@types/express-serve-static-core': 5.0.6
      '@types/serve-static': 1.15.7

  '@types/graphql-upload@17.0.0':
    dependencies:
      '@types/express': 5.0.1
      '@types/koa': 2.15.0
      '@types/node': 22.15.0
      fs-capacitor: 8.0.0
      graphql: 16.10.0

  '@types/http-assert@1.5.6': {}

  '@types/http-errors@2.0.4': {}

  '@types/keygrip@1.0.6': {}

  '@types/koa-compose@3.2.8':
    dependencies:
      '@types/koa': 2.15.0

  '@types/koa@2.15.0':
    dependencies:
      '@types/accepts': 1.3.7
      '@types/content-disposition': 0.5.8
      '@types/cookies': 0.9.0
      '@types/http-assert': 1.5.6
      '@types/http-errors': 2.0.4
      '@types/keygrip': 1.0.6
      '@types/koa-compose': 3.2.8
      '@types/node': 22.15.0

  '@types/mime@1.3.5': {}

  '@types/node@22.15.0':
    dependencies:
      undici-types: 6.21.0

  '@types/object-path@0.11.4': {}

  '@types/qs@6.9.18': {}

  '@types/range-parser@1.2.7': {}

  '@types/send@0.17.4':
    dependencies:
      '@types/mime': 1.3.5
      '@types/node': 22.15.0

  '@types/serve-static@1.15.7':
    dependencies:
      '@types/http-errors': 2.0.4
      '@types/node': 22.15.0
      '@types/send': 0.17.4

  busboy@1.6.0:
    dependencies:
      streamsearch: 1.1.0

  depd@2.0.0: {}

  fs-capacitor@8.0.0: {}

  graphql-upload@17.0.0(@types/express@5.0.1)(@types/koa@2.15.0)(graphql@16.10.0):
    dependencies:
      '@types/busboy': 1.5.4
      '@types/node': 22.15.0
      '@types/object-path': 0.11.4
      busboy: 1.6.0
      fs-capacitor: 8.0.0
      graphql: 16.10.0
      http-errors: 2.0.0
      object-path: 0.11.8
    optionalDependencies:
      '@types/express': 5.0.1
      '@types/koa': 2.15.0

  graphql@16.10.0: {}

  http-errors@2.0.0:
    dependencies:
      depd: 2.0.0
      inherits: 2.0.4
      setprototypeof: 1.2.0
      statuses: 2.0.1
      toidentifier: 1.0.1

  inherits@2.0.4: {}

  object-path@0.11.8: {}

  setprototypeof@1.2.0: {}

  statuses@2.0.1: {}

  streamsearch@1.1.0: {}

  toidentifier@1.0.1: {}

  undici-types@6.21.0: {}
